
Microsoft Visual Studio Solution File, Format Version 12.00
# Visual Studio 14
VisualStudioVersion = 14.0.25123.0
MinimumVisualStudioVersion = 10.0.40219.1
<<<<<<< HEAD:ICMinigames-master/ICMinigames.sln
Project("{FAE04EC0-301F-11D3-BF4B-00C04F79EFBC}") = "ICMinigames", "ICMinigames.csproj", "{6ACC2AA4-1658-40B2-ACC9-DFB6C0AE0BA9}"
=======
Project("{FAE04EC0-301F-11D3-BF4B-00C04F79EFBC}") = "ICMultiPurpose", "ICMultiPurpose.csproj", "{6ACC2AA4-1658-40B2-ACC9-DFB6C0AE0BA9}"
>>>>>>> 2db5cea07b65e4927db94def4fb22b773fc84bf1:ICMinigames-master/ICMultiPurpose.sln
EndProject
Global
	GlobalSection(SolutionConfigurationPlatforms) = preSolution
		Debug|Any CPU = Debug|Any CPU
		Release|Any CPU = Release|Any CPU
	EndGlobalSection
	GlobalSection(ProjectConfigurationPlatforms) = postSolution
		{6ACC2AA4-1658-40B2-ACC9-DFB6C0AE0BA9}.Debug|Any CPU.ActiveCfg = Debug|Any CPU
		{6ACC2AA4-1658-40B2-ACC9-DFB6C0AE0BA9}.Debug|Any CPU.Build.0 = Debug|Any CPU
		{6ACC2AA4-1658-40B2-ACC9-DFB6C0AE0BA9}.Release|Any CPU.ActiveCfg = Release|Any CPU
		{6ACC2AA4-1658-40B2-ACC9-DFB6C0AE0BA9}.Release|Any CPU.Build.0 = Release|Any CPU
	EndGlobalSection
	GlobalSection(SolutionProperties) = preSolution
		HideSolutionNode = FALSE
	EndGlobalSection
EndGlobal
